
Microsoft Visual Studio Solution File, Format Version 12.00
# Visual Studio Version 16
VisualStudioVersion = 16.0.31624.102
MinimumVisualStudioVersion = 10.0.40219.1
Project("{9A19103F-16F7-4668-BE54-9A1E7A4F7556}") = "BattleCitySharp", "PlatformerWPF\BattleCitySharp.csproj", "{37198E1E-0B41-4C07-A0CE-A5EE7B700625}"
EndProject
Global
	GlobalSection(SolutionConfigurationPlatforms) = preSolution
		Debug|Any CPU = Debug|Any CPU
		Release|Any CPU = Release|Any CPU
	EndGlobalSection
	GlobalSection(ProjectConfigurationPlatforms) = postSolution
		{37198E1E-0B41-4C07-A0CE-A5EE7B700625}.Debug|Any CPU.ActiveCfg = Debug|Any CPU
		{37198E1E-0B41-4C07-A0CE-A5EE7B700625}.Debug|Any CPU.Build.0 = Debug|Any CPU
		{37198E1E-0B41-4C07-A0CE-A5EE7B700625}.Release|Any CPU.ActiveCfg = Release|Any CPU
		{37198E1E-0B41-4C07-A0CE-A5EE7B700625}.Release|Any CPU.Build.0 = Release|Any CPU
	EndGlobalSection
	GlobalSection(SolutionProperties) = preSolution
		HideSolutionNode = FALSE
	EndGlobalSection
	GlobalSection(ExtensibilityGlobals) = postSolution
		SolutionGuid = {866C91C4-98AE-48CC-89A6-9B94D18DF4D9}
	EndGlobalSection
EndGlobal
